
Microsoft Visual Studio Solution File, Format Version 12.00
# Visual Studio Version 16
VisualStudioVersion = 16.0.31105.61
MinimumVisualStudioVersion = 10.0.40219.1
Project("{FAE04EC0-301F-11D3-BF4B-00C04F79EFBC}") = "DotNetDebugging", "DotNetDebugging.csproj", "{F1E4702C-02C8-4AF3-B7C0-BB23D8798505}"
EndProject
Global
	GlobalSection(SolutionConfigurationPlatforms) = preSolution
		Debug|Any CPU = Debug|Any CPU
		Release|Any CPU = Release|Any CPU
	EndGlobalSection
	GlobalSection(ProjectConfigurationPlatforms) = postSolution
		{F1E4702C-02C8-4AF3-B7C0-BB23D8798505}.Debug|Any CPU.ActiveCfg = Debug|Any CPU
		{F1E4702C-02C8-4AF3-B7C0-BB23D8798505}.Debug|Any CPU.Build.0 = Debug|Any CPU
		{F1E4702C-02C8-4AF3-B7C0-BB23D8798505}.Release|Any CPU.ActiveCfg = Release|Any CPU
		{F1E4702C-02C8-4AF3-B7C0-BB23D8798505}.Release|Any CPU.Build.0 = Release|Any CPU
	EndGlobalSection
	GlobalSection(SolutionProperties) = preSolution
		HideSolutionNode = FALSE
	EndGlobalSection
	GlobalSection(ExtensibilityGlobals) = postSolution
		SolutionGuid = {079DC6E1-3E24-4962-ABDC-C4294F35C0F6}
	EndGlobalSection
EndGlobal
